
Microsoft Visual Studio Solution File, Format Version 12.00
# Visual Studio 15
VisualStudioVersion = 15.0.26228.76
MinimumVisualStudioVersion = 10.0.40219.1
Project("{FAE04EC0-301F-11D3-BF4B-00C04F79EFBC}") = "SauberCustomerManagement.BL", "SauberCustomerManagement.BL\SauberCustomerManagement.BL.csproj", "{36EB911C-4592-4320-932A-AC80B1138B2E}"
EndProject
Project("{2150E333-8FDC-42A3-9474-1A3956D46DE8}") = "Tests", "Tests", "{341DF516-2785-4DD8-8B57-6ED032A6E8BA}"
EndProject
Project("{FAE04EC0-301F-11D3-BF4B-00C04F79EFBC}") = "SauberCustomerManagement.BLTests", "Tests\SauberCustomerManagement.BLTests\SauberCustomerManagement.BLTests.csproj", "{D811606B-7D98-4D66-B6EF-1B5ABB899E9A}"
EndProject
Global
	GlobalSection(SolutionConfigurationPlatforms) = preSolution
		Debug|Any CPU = Debug|Any CPU
		Release|Any CPU = Release|Any CPU
	EndGlobalSection
	GlobalSection(ProjectConfigurationPlatforms) = postSolution
		{36EB911C-4592-4320-932A-AC80B1138B2E}.Debug|Any CPU.ActiveCfg = Debug|Any CPU
		{36EB911C-4592-4320-932A-AC80B1138B2E}.Debug|Any CPU.Build.0 = Debug|Any CPU
		{36EB911C-4592-4320-932A-AC80B1138B2E}.Release|Any CPU.ActiveCfg = Release|Any CPU
		{36EB911C-4592-4320-932A-AC80B1138B2E}.Release|Any CPU.Build.0 = Release|Any CPU
		{D811606B-7D98-4D66-B6EF-1B5ABB899E9A}.Debug|Any CPU.ActiveCfg = Debug|Any CPU
		{D811606B-7D98-4D66-B6EF-1B5ABB899E9A}.Debug|Any CPU.Build.0 = Debug|Any CPU
		{D811606B-7D98-4D66-B6EF-1B5ABB899E9A}.Release|Any CPU.ActiveCfg = Release|Any CPU
		{D811606B-7D98-4D66-B6EF-1B5ABB899E9A}.Release|Any CPU.Build.0 = Release|Any CPU
	EndGlobalSection
	GlobalSection(SolutionProperties) = preSolution
		HideSolutionNode = FALSE
	EndGlobalSection
	GlobalSection(NestedProjects) = preSolution
		{D811606B-7D98-4D66-B6EF-1B5ABB899E9A} = {341DF516-2785-4DD8-8B57-6ED032A6E8BA}
	EndGlobalSection
EndGlobal
